
Microsoft Visual Studio Solution File, Format Version 12.00
# Visual Studio 15
VisualStudioVersion = 15.0.28307.902
MinimumVisualStudioVersion = 10.0.40219.1
Project("{9A19103F-16F7-4668-BE54-9A1E7A4F7556}") = "DeltaTre", "DeltaTre\DeltaTre.csproj", "{799FFF34-423F-41EC-8144-990830475067}"
EndProject
Project("{9A19103F-16F7-4668-BE54-9A1E7A4F7556}") = "DeltaTre.Core", "DeltaTre.Core\DeltaTre.Core.csproj", "{C9B34F88-FBDD-42F3-9E18-514266FA3312}"
EndProject
Project("{9A19103F-16F7-4668-BE54-9A1E7A4F7556}") = "DeltaTre.Persistence", "DeltaTre.Persistence\DeltaTre.Persistence.csproj", "{F7EC2464-B342-41B4-AF01-0480A0A2CBF9}"
EndProject
Project("{9A19103F-16F7-4668-BE54-9A1E7A4F7556}") = "DeltaTre.Test", "DeltaTre.Test\DeltaTre.Test.csproj", "{F8CD81B9-9401-45AE-9387-6B6A0A0A1247}"
EndProject
Project("{FAE04EC0-301F-11D3-BF4B-00C04F79EFBC}") = "DeltaTre.Tests.Integration", "DeltaTre.Tests.Integration\DeltaTre.Tests.Integration.csproj", "{14EF39C7-A7BF-4FF1-AC0D-FF1920836630}"
EndProject
Global
	GlobalSection(SolutionConfigurationPlatforms) = preSolution
		Debug|Any CPU = Debug|Any CPU
		Release|Any CPU = Release|Any CPU
	EndGlobalSection
	GlobalSection(ProjectConfigurationPlatforms) = postSolution
		{799FFF34-423F-41EC-8144-990830475067}.Debug|Any CPU.ActiveCfg = Debug|Any CPU
		{799FFF34-423F-41EC-8144-990830475067}.Debug|Any CPU.Build.0 = Debug|Any CPU
		{799FFF34-423F-41EC-8144-990830475067}.Release|Any CPU.ActiveCfg = Release|Any CPU
		{799FFF34-423F-41EC-8144-990830475067}.Release|Any CPU.Build.0 = Release|Any CPU
		{C9B34F88-FBDD-42F3-9E18-514266FA3312}.Debug|Any CPU.ActiveCfg = Debug|Any CPU
		{C9B34F88-FBDD-42F3-9E18-514266FA3312}.Debug|Any CPU.Build.0 = Debug|Any CPU
		{C9B34F88-FBDD-42F3-9E18-514266FA3312}.Release|Any CPU.ActiveCfg = Release|Any CPU
		{C9B34F88-FBDD-42F3-9E18-514266FA3312}.Release|Any CPU.Build.0 = Release|Any CPU
		{F7EC2464-B342-41B4-AF01-0480A0A2CBF9}.Debug|Any CPU.ActiveCfg = Debug|Any CPU
		{F7EC2464-B342-41B4-AF01-0480A0A2CBF9}.Debug|Any CPU.Build.0 = Debug|Any CPU
		{F7EC2464-B342-41B4-AF01-0480A0A2CBF9}.Release|Any CPU.ActiveCfg = Release|Any CPU
		{F7EC2464-B342-41B4-AF01-0480A0A2CBF9}.Release|Any CPU.Build.0 = Release|Any CPU
		{F8CD81B9-9401-45AE-9387-6B6A0A0A1247}.Debug|Any CPU.ActiveCfg = Debug|Any CPU
		{F8CD81B9-9401-45AE-9387-6B6A0A0A1247}.Debug|Any CPU.Build.0 = Debug|Any CPU
		{F8CD81B9-9401-45AE-9387-6B6A0A0A1247}.Release|Any CPU.ActiveCfg = Release|Any CPU
		{F8CD81B9-9401-45AE-9387-6B6A0A0A1247}.Release|Any CPU.Build.0 = Release|Any CPU
		{14EF39C7-A7BF-4FF1-AC0D-FF1920836630}.Debug|Any CPU.ActiveCfg = Debug|Any CPU
		{14EF39C7-A7BF-4FF1-AC0D-FF1920836630}.Debug|Any CPU.Build.0 = Debug|Any CPU
		{14EF39C7-A7BF-4FF1-AC0D-FF1920836630}.Release|Any CPU.ActiveCfg = Release|Any CPU
		{14EF39C7-A7BF-4FF1-AC0D-FF1920836630}.Release|Any CPU.Build.0 = Release|Any CPU
	EndGlobalSection
	GlobalSection(SolutionProperties) = preSolution
		HideSolutionNode = FALSE
	EndGlobalSection
	GlobalSection(ExtensibilityGlobals) = postSolution
		SolutionGuid = {26C177C5-CDCE-453C-90AB-4DF3690F283B}
	EndGlobalSection
EndGlobal
